
Microsoft Visual Studio Solution File, Format Version 12.00
# Visual Studio Version 17
VisualStudioVersion = 17.2.32526.322
MinimumVisualStudioVersion = 10.0.40219.1
Project("{9A19103F-16F7-4668-BE54-9A1E7A4F7556}") = "DominiosRicos.API", "DominiosRicos.API\DominiosRicos.API.csproj", "{50DF3028-E853-4DAE-88B0-EFEA6F060F76}"
EndProject
Project("{2150E333-8FDC-42A3-9474-1A3956D46DE8}") = "Catalogo", "Catalogo", "{BDBA6A2B-1481-4B6D-8AEA-6F17269723C4}"
EndProject
Project("{9A19103F-16F7-4668-BE54-9A1E7A4F7556}") = "Catalogo.API", "Catalogo.API\Catalogo.API.csproj", "{C604E33D-A367-4BA5-915A-624BF555BCA9}"
EndProject
Project("{9A19103F-16F7-4668-BE54-9A1E7A4F7556}") = "Catalogo.Application", "Catalogo.Application\Catalogo.Application.csproj", "{5189CB06-4112-489E-818F-99D0E48C4F6E}"
EndProject
Project("{9A19103F-16F7-4668-BE54-9A1E7A4F7556}") = "Catalogo.Service", "Catalogo.Service\Catalogo.Service.csproj", "{DCF4F583-8F8E-48D0-9C0D-E78107F283CD}"
EndProject
Project("{9A19103F-16F7-4668-BE54-9A1E7A4F7556}") = "Catalogo.Dominio", "Catalogo.Dominio\Catalogo.Dominio.csproj", "{624AE55D-37B3-45C6-BAB7-896AE635DC5C}"
EndProject
Project("{2150E333-8FDC-42A3-9474-1A3956D46DE8}") = "Core", "Core", "{CA5C3594-D732-4366-8375-2ABDF5D6785C}"
EndProject
Project("{9A19103F-16F7-4668-BE54-9A1E7A4F7556}") = "Core", "Core\Core.csproj", "{EF5EDF33-E7CC-4E7D-9A07-B2D7BDC20EA3}"
EndProject
Project("{2150E333-8FDC-42A3-9474-1A3956D46DE8}") = "Cadastro", "Cadastro", "{FAAE2320-F5D2-4886-A513-8F40E84552C9}"
EndProject
Project("{9A19103F-16F7-4668-BE54-9A1E7A4F7556}") = "Cadastro.Api", "Cadastro.Api\Cadastro.Api.csproj", "{32E6F14B-C241-4F36-8B34-FB93752D59C5}"
EndProject
Project("{9A19103F-16F7-4668-BE54-9A1E7A4F7556}") = "Cadastro.Application", "Cadastro.Application\Cadastro.Application.csproj", "{B2C658B9-910A-4FC7-BCC9-C87CBF16E23B}"
EndProject
Project("{9A19103F-16F7-4668-BE54-9A1E7A4F7556}") = "Cadastro.Service", "Cadastro.Service\Cadastro.Service.csproj", "{897170D0-26E9-4840-B190-74DB5D1060DF}"
EndProject
Project("{9A19103F-16F7-4668-BE54-9A1E7A4F7556}") = "Cadastro.Dominio", "Cadastro.Dominio\Cadastro.Dominio.csproj", "{C0846AE6-0310-484F-B830-41556FAC8865}"
EndProject
Project("{2150E333-8FDC-42A3-9474-1A3956D46DE8}") = "Vendas", "Vendas", "{9A678CC5-93C1-4313-88E8-9EC08D84FD55}"
EndProject
Project("{9A19103F-16F7-4668-BE54-9A1E7A4F7556}") = "Vendas.Api", "Vendas.Api\Vendas.Api.csproj", "{0B78C547-A7B8-4ED2-9D2A-960B7B1BFE9A}"
EndProject
Project("{9A19103F-16F7-4668-BE54-9A1E7A4F7556}") = "Vendas.Application", "Vendas.Application\Vendas.Application.csproj", "{9E592608-3AC6-446C-BC30-8A167B309B9C}"
EndProject
Project("{9A19103F-16F7-4668-BE54-9A1E7A4F7556}") = "Vendas.Service", "Vendas.Service\Vendas.Service.csproj", "{CF7EE089-108D-4E2B-8B95-CD79838FEDED}"
EndProject
Project("{9A19103F-16F7-4668-BE54-9A1E7A4F7556}") = "Vendas.Dominio", "Vendas.Dominio\Vendas.Dominio.csproj", "{669D236D-4ED1-4767-BB84-EA9739F5F622}"
EndProject
Global
	GlobalSection(SolutionConfigurationPlatforms) = preSolution
		Debug|Any CPU = Debug|Any CPU
		Release|Any CPU = Release|Any CPU
	EndGlobalSection
	GlobalSection(ProjectConfigurationPlatforms) = postSolution
		{50DF3028-E853-4DAE-88B0-EFEA6F060F76}.Debug|Any CPU.ActiveCfg = Debug|Any CPU
		{50DF3028-E853-4DAE-88B0-EFEA6F060F76}.Debug|Any CPU.Build.0 = Debug|Any CPU
		{50DF3028-E853-4DAE-88B0-EFEA6F060F76}.Release|Any CPU.ActiveCfg = Release|Any CPU
		{50DF3028-E853-4DAE-88B0-EFEA6F060F76}.Release|Any CPU.Build.0 = Release|Any CPU
		{C604E33D-A367-4BA5-915A-624BF555BCA9}.Debug|Any CPU.ActiveCfg = Debug|Any CPU
		{C604E33D-A367-4BA5-915A-624BF555BCA9}.Debug|Any CPU.Build.0 = Debug|Any CPU
		{C604E33D-A367-4BA5-915A-624BF555BCA9}.Release|Any CPU.ActiveCfg = Release|Any CPU
		{C604E33D-A367-4BA5-915A-624BF555BCA9}.Release|Any CPU.Build.0 = Release|Any CPU
		{5189CB06-4112-489E-818F-99D0E48C4F6E}.Debug|Any CPU.ActiveCfg = Debug|Any CPU
		{5189CB06-4112-489E-818F-99D0E48C4F6E}.Debug|Any CPU.Build.0 = Debug|Any CPU
		{5189CB06-4112-489E-818F-99D0E48C4F6E}.Release|Any CPU.ActiveCfg = Release|Any CPU
		{5189CB06-4112-489E-818F-99D0E48C4F6E}.Release|Any CPU.Build.0 = Release|Any CPU
		{DCF4F583-8F8E-48D0-9C0D-E78107F283CD}.Debug|Any CPU.ActiveCfg = Debug|Any CPU
		{DCF4F583-8F8E-48D0-9C0D-E78107F283CD}.Debug|Any CPU.Build.0 = Debug|Any CPU
		{DCF4F583-8F8E-48D0-9C0D-E78107F283CD}.Release|Any CPU.ActiveCfg = Release|Any CPU
		{DCF4F583-8F8E-48D0-9C0D-E78107F283CD}.Release|Any CPU.Build.0 = Release|Any CPU
		{624AE55D-37B3-45C6-BAB7-896AE635DC5C}.Debug|Any CPU.ActiveCfg = Debug|Any CPU
		{624AE55D-37B3-45C6-BAB7-896AE635DC5C}.Debug|Any CPU.Build.0 = Debug|Any CPU
		{624AE55D-37B3-45C6-BAB7-896AE635DC5C}.Release|Any CPU.ActiveCfg = Release|Any CPU
		{624AE55D-37B3-45C6-BAB7-896AE635DC5C}.Release|Any CPU.Build.0 = Release|Any CPU
		{EF5EDF33-E7CC-4E7D-9A07-B2D7BDC20EA3}.Debug|Any CPU.ActiveCfg = Debug|Any CPU
		{EF5EDF33-E7CC-4E7D-9A07-B2D7BDC20EA3}.Debug|Any CPU.Build.0 = Debug|Any CPU
		{EF5EDF33-E7CC-4E7D-9A07-B2D7BDC20EA3}.Release|Any CPU.ActiveCfg = Release|Any CPU
		{EF5EDF33-E7CC-4E7D-9A07-B2D7BDC20EA3}.Release|Any CPU.Build.0 = Release|Any CPU
		{32E6F14B-C241-4F36-8B34-FB93752D59C5}.Debug|Any CPU.ActiveCfg = Debug|Any CPU
		{32E6F14B-C241-4F36-8B34-FB93752D59C5}.Debug|Any CPU.Build.0 = Debug|Any CPU
		{32E6F14B-C241-4F36-8B34-FB93752D59C5}.Release|Any CPU.ActiveCfg = Release|Any CPU
		{32E6F14B-C241-4F36-8B34-FB93752D59C5}.Release|Any CPU.Build.0 = Release|Any CPU
		{B2C658B9-910A-4FC7-BCC9-C87CBF16E23B}.Debug|Any CPU.ActiveCfg = Debug|Any CPU
		{B2C658B9-910A-4FC7-BCC9-C87CBF16E23B}.Debug|Any CPU.Build.0 = Debug|Any CPU
		{B2C658B9-910A-4FC7-BCC9-C87CBF16E23B}.Release|Any CPU.ActiveCfg = Release|Any CPU
		{B2C658B9-910A-4FC7-BCC9-C87CBF16E23B}.Release|Any CPU.Build.0 = Release|Any CPU
		{897170D0-26E9-4840-B190-74DB5D1060DF}.Debug|Any CPU.ActiveCfg = Debug|Any CPU
		{897170D0-26E9-4840-B190-74DB5D1060DF}.Debug|Any CPU.Build.0 = Debug|Any CPU
		{897170D0-26E9-4840-B190-74DB5D1060DF}.Release|Any CPU.ActiveCfg = Release|Any CPU
		{897170D0-26E9-4840-B190-74DB5D1060DF}.Release|Any CPU.Build.0 = Release|Any CPU
		{C0846AE6-0310-484F-B830-41556FAC8865}.Debug|Any CPU.ActiveCfg = Debug|Any CPU
		{C0846AE6-0310-484F-B830-41556FAC8865}.Debug|Any CPU.Build.0 = Debug|Any CPU
		{C0846AE6-0310-484F-B830-41556FAC8865}.Release|Any CPU.ActiveCfg = Release|Any CPU
		{C0846AE6-0310-484F-B830-41556FAC8865}.Release|Any CPU.Build.0 = Release|Any CPU
		{0B78C547-A7B8-4ED2-9D2A-960B7B1BFE9A}.Debug|Any CPU.ActiveCfg = Debug|Any CPU
		{0B78C547-A7B8-4ED2-9D2A-960B7B1BFE9A}.Debug|Any CPU.Build.0 = Debug|Any CPU
		{0B78C547-A7B8-4ED2-9D2A-960B7B1BFE9A}.Release|Any CPU.ActiveCfg = Release|Any CPU
		{0B78C547-A7B8-4ED2-9D2A-960B7B1BFE9A}.Release|Any CPU.Build.0 = Release|Any CPU
		{9E592608-3AC6-446C-BC30-8A167B309B9C}.Debug|Any CPU.ActiveCfg = Debug|Any CPU
		{9E592608-3AC6-446C-BC30-8A167B309B9C}.Debug|Any CPU.Build.0 = Debug|Any CPU
		{9E592608-3AC6-446C-BC30-8A167B309B9C}.Release|Any CPU.ActiveCfg = Release|Any CPU
		{9E592608-3AC6-446C-BC30-8A167B309B9C}.Release|Any CPU.Build.0 = Release|Any CPU
		{CF7EE089-108D-4E2B-8B95-CD79838FEDED}.Debug|Any CPU.ActiveCfg = Debug|Any CPU
		{CF7EE089-108D-4E2B-8B95-CD79838FEDED}.Debug|Any CPU.Build.0 = Debug|Any CPU
		{CF7EE089-108D-4E2B-8B95-CD79838FEDED}.Release|Any CPU.ActiveCfg = Release|Any CPU
		{CF7EE089-108D-4E2B-8B95-CD79838FEDED}.Release|Any CPU.Build.0 = Release|Any CPU
		{669D236D-4ED1-4767-BB84-EA9739F5F622}.Debug|Any CPU.ActiveCfg = Debug|Any CPU
		{669D236D-4ED1-4767-BB84-EA9739F5F622}.Debug|Any CPU.Build.0 = Debug|Any CPU
		{669D236D-4ED1-4767-BB84-EA9739F5F622}.Release|Any CPU.ActiveCfg = Release|Any CPU
		{669D236D-4ED1-4767-BB84-EA9739F5F622}.Release|Any CPU.Build.0 = Release|Any CPU
	EndGlobalSection
	GlobalSection(SolutionProperties) = preSolution
		HideSolutionNode = FALSE
	EndGlobalSection
	GlobalSection(NestedProjects) = preSolution
		{C604E33D-A367-4BA5-915A-624BF555BCA9} = {BDBA6A2B-1481-4B6D-8AEA-6F17269723C4}
		{5189CB06-4112-489E-818F-99D0E48C4F6E} = {BDBA6A2B-1481-4B6D-8AEA-6F17269723C4}
		{DCF4F583-8F8E-48D0-9C0D-E78107F283CD} = {BDBA6A2B-1481-4B6D-8AEA-6F17269723C4}
		{624AE55D-37B3-45C6-BAB7-896AE635DC5C} = {BDBA6A2B-1481-4B6D-8AEA-6F17269723C4}
		{EF5EDF33-E7CC-4E7D-9A07-B2D7BDC20EA3} = {CA5C3594-D732-4366-8375-2ABDF5D6785C}
		{32E6F14B-C241-4F36-8B34-FB93752D59C5} = {FAAE2320-F5D2-4886-A513-8F40E84552C9}
		{B2C658B9-910A-4FC7-BCC9-C87CBF16E23B} = {FAAE2320-F5D2-4886-A513-8F40E84552C9}
		{897170D0-26E9-4840-B190-74DB5D1060DF} = {FAAE2320-F5D2-4886-A513-8F40E84552C9}
		{C0846AE6-0310-484F-B830-41556FAC8865} = {FAAE2320-F5D2-4886-A513-8F40E84552C9}
		{0B78C547-A7B8-4ED2-9D2A-960B7B1BFE9A} = {9A678CC5-93C1-4313-88E8-9EC08D84FD55}
		{9E592608-3AC6-446C-BC30-8A167B309B9C} = {9A678CC5-93C1-4313-88E8-9EC08D84FD55}
		{CF7EE089-108D-4E2B-8B95-CD79838FEDED} = {9A678CC5-93C1-4313-88E8-9EC08D84FD55}
		{669D236D-4ED1-4767-BB84-EA9739F5F622} = {9A678CC5-93C1-4313-88E8-9EC08D84FD55}
	EndGlobalSection
	GlobalSection(ExtensibilityGlobals) = postSolution
		SolutionGuid = {910C5CAB-214E-43F0-9371-8B37125EBFD3}
	EndGlobalSection
EndGlobal
